
Microsoft Visual Studio Solution File, Format Version 12.00
# Visual Studio Version 17
VisualStudioVersion = 17.1.32407.343
MinimumVisualStudioVersion = 10.0.40219.1
Project("{FAE04EC0-301F-11D3-BF4B-00C04F79EFBC}") = "Loja.Web", "Loja.Web\Loja.Web.csproj", "{79C89CDC-AAD7-460B-BCB2-0C506431D80F}"
EndProject
Global
	GlobalSection(SolutionConfigurationPlatforms) = preSolution
		Debug|Any CPU = Debug|Any CPU
		Release|Any CPU = Release|Any CPU
	EndGlobalSection
	GlobalSection(ProjectConfigurationPlatforms) = postSolution
		{79C89CDC-AAD7-460B-BCB2-0C506431D80F}.Debug|Any CPU.ActiveCfg = Debug|Any CPU
		{79C89CDC-AAD7-460B-BCB2-0C506431D80F}.Debug|Any CPU.Build.0 = Debug|Any CPU
		{79C89CDC-AAD7-460B-BCB2-0C506431D80F}.Release|Any CPU.ActiveCfg = Release|Any CPU
		{79C89CDC-AAD7-460B-BCB2-0C506431D80F}.Release|Any CPU.Build.0 = Release|Any CPU
	EndGlobalSection
	GlobalSection(SolutionProperties) = preSolution
		HideSolutionNode = FALSE
	EndGlobalSection
	GlobalSection(ExtensibilityGlobals) = postSolution
		SolutionGuid = {39343EA0-4F6C-4D4A-881B-6736DE63EB35}
	EndGlobalSection
EndGlobal
